// !$*UTF8*$!
{
	archiveVersion = 1;
	classes = {
	};
	objectVersion = 77;
	objects = {

/* Begin PBXBuildFile section */
		18119B8E2DE8ABEE00CD23E5 /* IslandDetailsView.swift in Sources */ = {isa = PBXBuildFile; fileRef = 18119B8D2DE8ABEE00CD23E5 /* IslandDetailsView.swift */; };
		18119B982DE9981700CD23E5 /* Island.swift in Sources */ = {isa = PBXBuildFile; fileRef = 18119B972DE9981700CD23E5 /* Island.swift */; };
		18119B9B2DE99D9800CD23E5 /* IslandsListViewModel.swift in Sources */ = {isa = PBXBuildFile; fileRef = 18119B9A2DE99D9800CD23E5 /* IslandsListViewModel.swift */; };
		18119B9D2DE99F0000CD23E5 /* IslandsListView.swift in Sources */ = {isa = PBXBuildFile; fileRef = 18119B9C2DE99F0000CD23E5 /* IslandsListView.swift */; };
		18119B9F2DE9E66300CD23E5 /* IslandCell.swift in Sources */ = {isa = PBXBuildFile; fileRef = 18119B9E2DE9E66300CD23E5 /* IslandCell.swift */; };
		18119BA12DE9FD0700CD23E5 /* Consumption.swift in Sources */ = {isa = PBXBuildFile; fileRef = 18119BA02DE9FD0700CD23E5 /* Consumption.swift */; };
		18119BA52DEA208500CD23E5 /* population.json in Resources */ = {isa = PBXBuildFile; fileRef = 18119BA42DEA208500CD23E5 /* population.json */; };
		18119BA72DEA216900CD23E5 /* Population.swift in Sources */ = {isa = PBXBuildFile; fileRef = 18119BA62DEA216900CD23E5 /* Population.swift */; };
		18119BA92DEA535500CD23E5 /* producers.json in Resources */ = {isa = PBXBuildFile; fileRef = 18119BA82DEA535500CD23E5 /* producers.json */; };
		18119BAB2DEAF4F300CD23E5 /* Producers.swift in Sources */ = {isa = PBXBuildFile; fileRef = 18119BAA2DEAF4F300CD23E5 /* Producers.swift */; };
		1897325A2DE272D10032112E /* Preview Assets.xcassets in Resources */ = {isa = PBXBuildFile; fileRef = 189732542DE272D10032112E /* Preview Assets.xcassets */; };
		1897325B2DE272D10032112E /* Assets.xcassets in Resources */ = {isa = PBXBuildFile; fileRef = 189732572DE272D10032112E /* Assets.xcassets */; };
		1897325C2DE272D10032112E /* Anno_1800_CompanionApp.swift in Sources */ = {isa = PBXBuildFile; fileRef = 189732562DE272D10032112E /* Anno_1800_CompanionApp.swift */; };
		1897325D2DE272D10032112E /* ContentView.swift in Sources */ = {isa = PBXBuildFile; fileRef = 189732582DE272D10032112E /* ContentView.swift */; };
		189732602DE272D50032112E /* Anno_1800_CompanionTests.swift in Sources */ = {isa = PBXBuildFile; fileRef = 1897325E2DE272D50032112E /* Anno_1800_CompanionTests.swift */; };
		189732642DE272D90032112E /* Anno_1800_CompanionUITests.swift in Sources */ = {isa = PBXBuildFile; fileRef = 189732612DE272D90032112E /* Anno_1800_CompanionUITests.swift */; };
		189732652DE272D90032112E /* Anno_1800_CompanionUITestsLaunchTests.swift in Sources */ = {isa = PBXBuildFile; fileRef = 189732622DE272D90032112E /* Anno_1800_CompanionUITestsLaunchTests.swift */; };
		189732692DE582BA0032112E /* IslandDetailsViewModel.swift in Sources */ = {isa = PBXBuildFile; fileRef = 189732682DE582BA0032112E /* IslandDetailsViewModel.swift */; };
		1897326B2DE583070032112E /* Region.swift in Sources */ = {isa = PBXBuildFile; fileRef = 1897326A2DE583070032112E /* Region.swift */; };
		189732782DE6E51C0032112E /* consumption.json in Resources */ = {isa = PBXBuildFile; fileRef = 189732772DE6E51C0032112E /* consumption.json */; };
		1897329E2DE724240032112E /* Extensions.swift in Sources */ = {isa = PBXBuildFile; fileRef = 1897329D2DE724240032112E /* Extensions.swift */; };
		189732A02DE759B20032112E /* OldWorld.swift in Sources */ = {isa = PBXBuildFile; fileRef = 1897329F2DE759B20032112E /* OldWorld.swift */; };
		189732A72DE75FA00032112E /* BasicNeed.swift in Sources */ = {isa = PBXBuildFile; fileRef = 189732A62DE75FA00032112E /* BasicNeed.swift */; };
		189732A92DE75FB80032112E /* Fish.swift in Sources */ = {isa = PBXBuildFile; fileRef = 189732A82DE75FB80032112E /* Fish.swift */; };
		189732AD2DE760D40032112E /* Need.swift in Sources */ = {isa = PBXBuildFile; fileRef = 189732AC2DE760D40032112E /* Need.swift */; };
		189732AF2DE7616A0032112E /* LuxuryNeed.swift in Sources */ = {isa = PBXBuildFile; fileRef = 189732AE2DE7616A0032112E /* LuxuryNeed.swift */; };
		189732B12DE761AB0032112E /* Shnaps.swift in Sources */ = {isa = PBXBuildFile; fileRef = 189732B02DE761AB0032112E /* Shnaps.swift */; };
		189732B32DE762E50032112E /* WorkClothes.swift in Sources */ = {isa = PBXBuildFile; fileRef = 189732B22DE762E50032112E /* WorkClothes.swift */; };
		18A8C3E32DEB3036006767CF /* regions.json in Resources */ = {isa = PBXBuildFile; fileRef = 18A8C3E22DEB3036006767CF /* regions.json */; };
		18A8C3E52DEB30A1006767CF /* Regions.swift in Sources */ = {isa = PBXBuildFile; fileRef = 18A8C3E42DEB30A1006767CF /* Regions.swift */; };
/* End PBXBuildFile section */

/* Begin PBXContainerItemProxy section */
		189732382DE272B90032112E /* PBXContainerItemProxy */ = {
			isa = PBXContainerItemProxy;
			containerPortal = 1897321F2DE272B70032112E /* Project object */;
			proxyType = 1;
			remoteGlobalIDString = 189732262DE272B70032112E;
			remoteInfo = "Anno 1800 Companion";
		};
		189732422DE272B90032112E /* PBXContainerItemProxy */ = {
			isa = PBXContainerItemProxy;
			containerPortal = 1897321F2DE272B70032112E /* Project object */;
			proxyType = 1;
			remoteGlobalIDString = 189732262DE272B70032112E;
			remoteInfo = "Anno 1800 Companion";
		};
/* End PBXContainerItemProxy section */

/* Begin PBXFileReference section */
		18119B8D2DE8ABEE00CD23E5 /* IslandDetailsView.swift */ = {isa = PBXFileReference; lastKnownFileType = sourcecode.swift; path = IslandDetailsView.swift; sourceTree = "<group>"; };
		18119B972DE9981700CD23E5 /* Island.swift */ = {isa = PBXFileReference; lastKnownFileType = sourcecode.swift; path = Island.swift; sourceTree = "<group>"; };
		18119B9A2DE99D9800CD23E5 /* IslandsListViewModel.swift */ = {isa = PBXFileReference; lastKnownFileType = sourcecode.swift; path = IslandsListViewModel.swift; sourceTree = "<group>"; };
		18119B9C2DE99F0000CD23E5 /* IslandsListView.swift */ = {isa = PBXFileReference; lastKnownFileType = sourcecode.swift; path = IslandsListView.swift; sourceTree = "<group>"; };
		18119B9E2DE9E66300CD23E5 /* IslandCell.swift */ = {isa = PBXFileReference; lastKnownFileType = sourcecode.swift; path = IslandCell.swift; sourceTree = "<group>"; };
		18119BA02DE9FD0700CD23E5 /* Consumption.swift */ = {isa = PBXFileReference; lastKnownFileType = sourcecode.swift; path = Consumption.swift; sourceTree = "<group>"; };
		18119BA42DEA208500CD23E5 /* population.json */ = {isa = PBXFileReference; lastKnownFileType = text.json; path = population.json; sourceTree = "<group>"; };
		18119BA62DEA216900CD23E5 /* Population.swift */ = {isa = PBXFileReference; lastKnownFileType = sourcecode.swift; path = Population.swift; sourceTree = "<group>"; };
		18119BA82DEA535500CD23E5 /* producers.json */ = {isa = PBXFileReference; lastKnownFileType = text.json; path = producers.json; sourceTree = "<group>"; };
		18119BAA2DEAF4F300CD23E5 /* Producers.swift */ = {isa = PBXFileReference; lastKnownFileType = sourcecode.swift; path = Producers.swift; sourceTree = "<group>"; };
		189732272DE272B70032112E /* Anno 1800 Companion.app */ = {isa = PBXFileReference; explicitFileType = wrapper.application; includeInIndex = 0; path = "Anno 1800 Companion.app"; sourceTree = BUILT_PRODUCTS_DIR; };
		189732372DE272B90032112E /* Anno 1800 CompanionTests.xctest */ = {isa = PBXFileReference; explicitFileType = wrapper.cfbundle; includeInIndex = 0; path = "Anno 1800 CompanionTests.xctest"; sourceTree = BUILT_PRODUCTS_DIR; };
		189732412DE272B90032112E /* Anno 1800 CompanionUITests.xctest */ = {isa = PBXFileReference; explicitFileType = wrapper.cfbundle; includeInIndex = 0; path = "Anno 1800 CompanionUITests.xctest"; sourceTree = BUILT_PRODUCTS_DIR; };
		189732542DE272D10032112E /* Preview Assets.xcassets */ = {isa = PBXFileReference; lastKnownFileType = folder.assetcatalog; path = "Preview Assets.xcassets"; sourceTree = "<group>"; };
		189732562DE272D10032112E /* Anno_1800_CompanionApp.swift */ = {isa = PBXFileReference; lastKnownFileType = sourcecode.swift; path = Anno_1800_CompanionApp.swift; sourceTree = "<group>"; };
		189732572DE272D10032112E /* Assets.xcassets */ = {isa = PBXFileReference; lastKnownFileType = folder.assetcatalog; path = Assets.xcassets; sourceTree = "<group>"; };
		189732582DE272D10032112E /* ContentView.swift */ = {isa = PBXFileReference; lastKnownFileType = sourcecode.swift; path = ContentView.swift; sourceTree = "<group>"; };
		1897325E2DE272D50032112E /* Anno_1800_CompanionTests.swift */ = {isa = PBXFileReference; lastKnownFileType = sourcecode.swift; path = Anno_1800_CompanionTests.swift; sourceTree = "<group>"; };
		189732612DE272D90032112E /* Anno_1800_CompanionUITests.swift */ = {isa = PBXFileReference; lastKnownFileType = sourcecode.swift; path = Anno_1800_CompanionUITests.swift; sourceTree = "<group>"; };
		189732622DE272D90032112E /* Anno_1800_CompanionUITestsLaunchTests.swift */ = {isa = PBXFileReference; lastKnownFileType = sourcecode.swift; path = Anno_1800_CompanionUITestsLaunchTests.swift; sourceTree = "<group>"; };
		189732682DE582BA0032112E /* IslandDetailsViewModel.swift */ = {isa = PBXFileReference; lastKnownFileType = sourcecode.swift; path = IslandDetailsViewModel.swift; sourceTree = "<group>"; };
		1897326A2DE583070032112E /* Region.swift */ = {isa = PBXFileReference; lastKnownFileType = sourcecode.swift; path = Region.swift; sourceTree = "<group>"; };
		189732772DE6E51C0032112E /* consumption.json */ = {isa = PBXFileReference; lastKnownFileType = text.json; path = consumption.json; sourceTree = "<group>"; };
		1897329D2DE724240032112E /* Extensions.swift */ = {isa = PBXFileReference; lastKnownFileType = sourcecode.swift; path = Extensions.swift; sourceTree = "<group>"; };
		1897329F2DE759B20032112E /* OldWorld.swift */ = {isa = PBXFileReference; lastKnownFileType = sourcecode.swift; path = OldWorld.swift; sourceTree = "<group>"; };
		189732A52DE75EA20032112E /* Anno-1800-Companion-Info.plist */ = {isa = PBXFileReference; lastKnownFileType = text.plist.xml; path = "Anno-1800-Companion-Info.plist"; sourceTree = SOURCE_ROOT; };
		189732A62DE75FA00032112E /* BasicNeed.swift */ = {isa = PBXFileReference; lastKnownFileType = sourcecode.swift; path = BasicNeed.swift; sourceTree = "<group>"; };
		189732A82DE75FB80032112E /* Fish.swift */ = {isa = PBXFileReference; lastKnownFileType = sourcecode.swift; path = Fish.swift; sourceTree = "<group>"; };
		189732AC2DE760D40032112E /* Need.swift */ = {isa = PBXFileReference; lastKnownFileType = sourcecode.swift; path = Need.swift; sourceTree = "<group>"; };
		189732AE2DE7616A0032112E /* LuxuryNeed.swift */ = {isa = PBXFileReference; lastKnownFileType = sourcecode.swift; path = LuxuryNeed.swift; sourceTree = "<group>"; };
		189732B02DE761AB0032112E /* Shnaps.swift */ = {isa = PBXFileReference; lastKnownFileType = sourcecode.swift; path = Shnaps.swift; sourceTree = "<group>"; };
		189732B22DE762E50032112E /* WorkClothes.swift */ = {isa = PBXFileReference; lastKnownFileType = sourcecode.swift; path = WorkClothes.swift; sourceTree = "<group>"; };
		18A8C3E22DEB3036006767CF /* regions.json */ = {isa = PBXFileReference; lastKnownFileType = text.json; path = regions.json; sourceTree = "<group>"; };
		18A8C3E42DEB30A1006767CF /* Regions.swift */ = {isa = PBXFileReference; lastKnownFileType = sourcecode.swift; path = Regions.swift; sourceTree = "<group>"; };
/* End PBXFileReference section */

/* Begin PBXFrameworksBuildPhase section */
		189732242DE272B70032112E /* Frameworks */ = {
			isa = PBXFrameworksBuildPhase;
			buildActionMask = 2147483647;
			files = (
			);
			runOnlyForDeploymentPostprocessing = 0;
		};
		189732342DE272B90032112E /* Frameworks */ = {
			isa = PBXFrameworksBuildPhase;
			buildActionMask = 2147483647;
			files = (
			);
			runOnlyForDeploymentPostprocessing = 0;
		};
		1897323E2DE272B90032112E /* Frameworks */ = {
			isa = PBXFrameworksBuildPhase;
			buildActionMask = 2147483647;
			files = (
			);
			runOnlyForDeploymentPostprocessing = 0;
		};
/* End PBXFrameworksBuildPhase section */

/* Begin PBXGroup section */
		18119B8C2DE8A82B00CD23E5 /* Regions */ = {
			isa = PBXGroup;
			children = (
				1897329F2DE759B20032112E /* OldWorld.swift */,
				1897326A2DE583070032112E /* Region.swift */,
			);
			path = Regions;
			sourceTree = "<group>";
		};
		18119B922DE98F7B00CD23E5 /* Resources */ = {
			isa = PBXGroup;
			children = (
				18A8C3E22DEB3036006767CF /* regions.json */,
				18119BA82DEA535500CD23E5 /* producers.json */,
				18119BA42DEA208500CD23E5 /* population.json */,
				189732772DE6E51C0032112E /* consumption.json */,
				189732572DE272D10032112E /* Assets.xcassets */,
				189732A52DE75EA20032112E /* Anno-1800-Companion-Info.plist */,
			);
			path = Resources;
			sourceTree = "<group>";
		};
		18119B932DE98F8400CD23E5 /* UI */ = {
			isa = PBXGroup;
			children = (
				18119B992DE99D7A00CD23E5 /* IslandsList */,
				189732672DE582AB0032112E /* IslandDetails */,
			);
			path = UI;
			sourceTree = "<group>";
		};
		18119B942DE98F8E00CD23E5 /* Models */ = {
			isa = PBXGroup;
			children = (
				189732A82DE75FB80032112E /* Fish.swift */,
				189732B02DE761AB0032112E /* Shnaps.swift */,
				189732B22DE762E50032112E /* WorkClothes.swift */,
				18119B972DE9981700CD23E5 /* Island.swift */,
				18119BA02DE9FD0700CD23E5 /* Consumption.swift */,
				18119BA62DEA216900CD23E5 /* Population.swift */,
				18119BAA2DEAF4F300CD23E5 /* Producers.swift */,
				18A8C3E42DEB30A1006767CF /* Regions.swift */,
			);
			path = Models;
			sourceTree = "<group>";
		};
		18119B992DE99D7A00CD23E5 /* IslandsList */ = {
			isa = PBXGroup;
			children = (
				18119B9A2DE99D9800CD23E5 /* IslandsListViewModel.swift */,
				18119B9C2DE99F0000CD23E5 /* IslandsListView.swift */,
				18119B9E2DE9E66300CD23E5 /* IslandCell.swift */,
			);
			path = IslandsList;
			sourceTree = "<group>";
		};
		1897321E2DE272B70032112E = {
			isa = PBXGroup;
			children = (
				189732592DE272D10032112E /* Anno 1800 Companion */,
				1897325F2DE272D50032112E /* Anno 1800 CompanionTests */,
				189732632DE272D90032112E /* Anno 1800 CompanionUITests */,
				189732282DE272B70032112E /* Products */,
			);
			sourceTree = "<group>";
		};
		189732282DE272B70032112E /* Products */ = {
			isa = PBXGroup;
			children = (
				189732272DE272B70032112E /* Anno 1800 Companion.app */,
				189732372DE272B90032112E /* Anno 1800 CompanionTests.xctest */,
				189732412DE272B90032112E /* Anno 1800 CompanionUITests.xctest */,
			);
			name = Products;
			sourceTree = "<group>";
		};
		189732552DE272D10032112E /* Preview Content */ = {
			isa = PBXGroup;
			children = (
				189732542DE272D10032112E /* Preview Assets.xcassets */,
			);
			path = "Preview Content";
			sourceTree = "<group>";
		};
		189732592DE272D10032112E /* Anno 1800 Companion */ = {
			isa = PBXGroup;
			children = (
				189732762DE6E4EA0032112E /* Common */,
				18119B942DE98F8E00CD23E5 /* Models */,
				18119B932DE98F8400CD23E5 /* UI */,
				18119B922DE98F7B00CD23E5 /* Resources */,
				189732662DE2F4BE0032112E /* Modules */,
				189732552DE272D10032112E /* Preview Content */,
				189732562DE272D10032112E /* Anno_1800_CompanionApp.swift */,
				189732582DE272D10032112E /* ContentView.swift */,
			);
			path = "Anno 1800 Companion";
			sourceTree = "<group>";
		};
		1897325F2DE272D50032112E /* Anno 1800 CompanionTests */ = {
			isa = PBXGroup;
			children = (
				1897325E2DE272D50032112E /* Anno_1800_CompanionTests.swift */,
			);
			path = "Anno 1800 CompanionTests";
			sourceTree = "<group>";
		};
		189732632DE272D90032112E /* Anno 1800 CompanionUITests */ = {
			isa = PBXGroup;
			children = (
				189732612DE272D90032112E /* Anno_1800_CompanionUITests.swift */,
				189732622DE272D90032112E /* Anno_1800_CompanionUITestsLaunchTests.swift */,
			);
			path = "Anno 1800 CompanionUITests";
			sourceTree = "<group>";
		};
		189732662DE2F4BE0032112E /* Modules */ = {
			isa = PBXGroup;
			children = (
				1897326E2DE59DBC0032112E /* ConsumptionModule */,
			);
			path = Modules;
			sourceTree = "<group>";
		};
		189732672DE582AB0032112E /* IslandDetails */ = {
			isa = PBXGroup;
			children = (
				189732682DE582BA0032112E /* IslandDetailsViewModel.swift */,
				18119B8D2DE8ABEE00CD23E5 /* IslandDetailsView.swift */,
			);
			path = IslandDetails;
			sourceTree = "<group>";
		};
		1897326E2DE59DBC0032112E /* ConsumptionModule */ = {
			isa = PBXGroup;
			children = (
			);
			path = ConsumptionModule;
			sourceTree = "<group>";
		};
		189732762DE6E4EA0032112E /* Common */ = {
			isa = PBXGroup;
			children = (
				1897327E2DE6EB2D0032112E /* Entities */,
				1897329D2DE724240032112E /* Extensions.swift */,
			);
			path = Common;
			sourceTree = "<group>";
		};
		1897327E2DE6EB2D0032112E /* Entities */ = {
			isa = PBXGroup;
			children = (
				18119B8C2DE8A82B00CD23E5 /* Regions */,
				189732AB2DE760570032112E /* Consumption */,
			);
			path = Entities;
			sourceTree = "<group>";
		};
		189732AB2DE760570032112E /* Consumption */ = {
			isa = PBXGroup;
			children = (
				189732A62DE75FA00032112E /* BasicNeed.swift */,
				189732AC2DE760D40032112E /* Need.swift */,
				189732AE2DE7616A0032112E /* LuxuryNeed.swift */,
			);
			path = Consumption;
			sourceTree = "<group>";
		};
/* End PBXGroup section */

/* Begin PBXNativeTarget section */
		189732262DE272B70032112E /* Anno 1800 Companion */ = {
			isa = PBXNativeTarget;
			buildConfigurationList = 1897324B2DE272B90032112E /* Build configuration list for PBXNativeTarget "Anno 1800 Companion" */;
			buildPhases = (
				189732232DE272B70032112E /* Sources */,
				189732242DE272B70032112E /* Frameworks */,
				189732252DE272B70032112E /* Resources */,
			);
			buildRules = (
			);
			dependencies = (
			);
			name = "Anno 1800 Companion";
			packageProductDependencies = (
			);
			productName = "Anno 1800 Companion";
			productReference = 189732272DE272B70032112E /* Anno 1800 Companion.app */;
			productType = "com.apple.product-type.application";
		};
		189732362DE272B90032112E /* Anno 1800 CompanionTests */ = {
			isa = PBXNativeTarget;
			buildConfigurationList = 1897324E2DE272B90032112E /* Build configuration list for PBXNativeTarget "Anno 1800 CompanionTests" */;
			buildPhases = (
				189732332DE272B90032112E /* Sources */,
				189732342DE272B90032112E /* Frameworks */,
				189732352DE272B90032112E /* Resources */,
			);
			buildRules = (
			);
			dependencies = (
				189732392DE272B90032112E /* PBXTargetDependency */,
			);
			name = "Anno 1800 CompanionTests";
			packageProductDependencies = (
			);
			productName = "Anno 1800 CompanionTests";
			productReference = 189732372DE272B90032112E /* Anno 1800 CompanionTests.xctest */;
			productType = "com.apple.product-type.bundle.unit-test";
		};
		189732402DE272B90032112E /* Anno 1800 CompanionUITests */ = {
			isa = PBXNativeTarget;
			buildConfigurationList = 189732512DE272B90032112E /* Build configuration list for PBXNativeTarget "Anno 1800 CompanionUITests" */;
			buildPhases = (
				1897323D2DE272B90032112E /* Sources */,
				1897323E2DE272B90032112E /* Frameworks */,
				1897323F2DE272B90032112E /* Resources */,
			);
			buildRules = (
			);
			dependencies = (
				189732432DE272B90032112E /* PBXTargetDependency */,
			);
			name = "Anno 1800 CompanionUITests";
			packageProductDependencies = (
			);
			productName = "Anno 1800 CompanionUITests";
			productReference = 189732412DE272B90032112E /* Anno 1800 CompanionUITests.xctest */;
			productType = "com.apple.product-type.bundle.ui-testing";
		};
/* End PBXNativeTarget section */

/* Begin PBXProject section */
		1897321F2DE272B70032112E /* Project object */ = {
			isa = PBXProject;
			attributes = {
				BuildIndependentTargetsInParallel = 1;
				LastSwiftUpdateCheck = 1600;
				LastUpgradeCheck = 1600;
				TargetAttributes = {
					189732262DE272B70032112E = {
						CreatedOnToolsVersion = 16.0;
					};
					189732362DE272B90032112E = {
						CreatedOnToolsVersion = 16.0;
						TestTargetID = 189732262DE272B70032112E;
					};
					189732402DE272B90032112E = {
						CreatedOnToolsVersion = 16.0;
						TestTargetID = 189732262DE272B70032112E;
					};
				};
			};
			buildConfigurationList = 189732222DE272B70032112E /* Build configuration list for PBXProject "Anno 1800 Companion" */;
			developmentRegion = en;
			hasScannedForEncodings = 0;
			knownRegions = (
				en,
				Base,
				fr,
			);
			mainGroup = 1897321E2DE272B70032112E;
			minimizedProjectReferenceProxies = 1;
			preferredProjectObjectVersion = 77;
			productRefGroup = 189732282DE272B70032112E /* Products */;
			projectDirPath = "";
			projectRoot = "";
			targets = (
				189732262DE272B70032112E /* Anno 1800 Companion */,
				189732362DE272B90032112E /* Anno 1800 CompanionTests */,
				189732402DE272B90032112E /* Anno 1800 CompanionUITests */,
			);
		};
/* End PBXProject section */

/* Begin PBXResourcesBuildPhase section */
		189732252DE272B70032112E /* Resources */ = {
			isa = PBXResourcesBuildPhase;
			buildActionMask = 2147483647;
			files = (
				18119BA52DEA208500CD23E5 /* population.json in Resources */,
				189732782DE6E51C0032112E /* consumption.json in Resources */,
				1897325A2DE272D10032112E /* Preview Assets.xcassets in Resources */,
				18119BA92DEA535500CD23E5 /* producers.json in Resources */,
				1897325B2DE272D10032112E /* Assets.xcassets in Resources */,
				18A8C3E32DEB3036006767CF /* regions.json in Resources */,
			);
			runOnlyForDeploymentPostprocessing = 0;
		};
		189732352DE272B90032112E /* Resources */ = {
			isa = PBXResourcesBuildPhase;
			buildActionMask = 2147483647;
			files = (
			);
			runOnlyForDeploymentPostprocessing = 0;
		};
		1897323F2DE272B90032112E /* Resources */ = {
			isa = PBXResourcesBuildPhase;
			buildActionMask = 2147483647;
			files = (
			);
			runOnlyForDeploymentPostprocessing = 0;
		};
/* End PBXResourcesBuildPhase section */

/* Begin PBXSourcesBuildPhase section */
		189732232DE272B70032112E /* Sources */ = {
			isa = PBXSourcesBuildPhase;
			buildActionMask = 2147483647;
			files = (
				189732AD2DE760D40032112E /* Need.swift in Sources */,
				18119BA12DE9FD0700CD23E5 /* Consumption.swift in Sources */,
				18119BA72DEA216900CD23E5 /* Population.swift in Sources */,
				18119B982DE9981700CD23E5 /* Island.swift in Sources */,
				189732A72DE75FA00032112E /* BasicNeed.swift in Sources */,
				1897325C2DE272D10032112E /* Anno_1800_CompanionApp.swift in Sources */,
				18119B9D2DE99F0000CD23E5 /* IslandsListView.swift in Sources */,
				18119B9F2DE9E66300CD23E5 /* IslandCell.swift in Sources */,
				18119B8E2DE8ABEE00CD23E5 /* IslandDetailsView.swift in Sources */,
				1897325D2DE272D10032112E /* ContentView.swift in Sources */,
				189732B12DE761AB0032112E /* Shnaps.swift in Sources */,
				189732A92DE75FB80032112E /* Fish.swift in Sources */,
				189732A02DE759B20032112E /* OldWorld.swift in Sources */,
				189732AF2DE7616A0032112E /* LuxuryNeed.swift in Sources */,
				189732B32DE762E50032112E /* WorkClothes.swift in Sources */,
				18119BAB2DEAF4F300CD23E5 /* Producers.swift in Sources */,
				18A8C3E52DEB30A1006767CF /* Regions.swift in Sources */,
				1897329E2DE724240032112E /* Extensions.swift in Sources */,
				1897326B2DE583070032112E /* Region.swift in Sources */,
				189732692DE582BA0032112E /* IslandDetailsViewModel.swift in Sources */,
				18119B9B2DE99D9800CD23E5 /* IslandsListViewModel.swift in Sources */,
			);
			runOnlyForDeploymentPostprocessing = 0;
		};
		189732332DE272B90032112E /* Sources */ = {
			isa = PBXSourcesBuildPhase;
			buildActionMask = 2147483647;
			files = (
				189732602DE272D50032112E /* Anno_1800_CompanionTests.swift in Sources */,
			);
			runOnlyForDeploymentPostprocessing = 0;
		};
		1897323D2DE272B90032112E /* Sources */ = {
			isa = PBXSourcesBuildPhase;
			buildActionMask = 2147483647;
			files = (
				189732642DE272D90032112E /* Anno_1800_CompanionUITests.swift in Sources */,
				189732652DE272D90032112E /* Anno_1800_CompanionUITestsLaunchTests.swift in Sources */,
			);
			runOnlyForDeploymentPostprocessing = 0;
		};
/* End PBXSourcesBuildPhase section */

/* Begin PBXTargetDependency section */
		189732392DE272B90032112E /* PBXTargetDependency */ = {
			isa = PBXTargetDependency;
			target = 189732262DE272B70032112E /* Anno 1800 Companion */;
			targetProxy = 189732382DE272B90032112E /* PBXContainerItemProxy */;
		};
		189732432DE272B90032112E /* PBXTargetDependency */ = {
			isa = PBXTargetDependency;
			target = 189732262DE272B70032112E /* Anno 1800 Companion */;
			targetProxy = 189732422DE272B90032112E /* PBXContainerItemProxy */;
		};
/* End PBXTargetDependency section */

/* Begin XCBuildConfiguration section */
		189732492DE272B90032112E /* Debug */ = {
			isa = XCBuildConfiguration;
			buildSettings = {
				ALWAYS_SEARCH_USER_PATHS = NO;
				ASSETCATALOG_COMPILER_GENERATE_SWIFT_ASSET_SYMBOL_EXTENSIONS = YES;
				CLANG_ANALYZER_NONNULL = YES;
				CLANG_ANALYZER_NUMBER_OBJECT_CONVERSION = YES_AGGRESSIVE;
				CLANG_CXX_LANGUAGE_STANDARD = "gnu++20";
				CLANG_ENABLE_MODULES = YES;
				CLANG_ENABLE_OBJC_ARC = YES;
				CLANG_ENABLE_OBJC_WEAK = YES;
				CLANG_WARN_BLOCK_CAPTURE_AUTORELEASING = YES;
				CLANG_WARN_BOOL_CONVERSION = YES;
				CLANG_WARN_COMMA = YES;
				CLANG_WARN_CONSTANT_CONVERSION = YES;
				CLANG_WARN_DEPRECATED_OBJC_IMPLEMENTATIONS = YES;
				CLANG_WARN_DIRECT_OBJC_ISA_USAGE = YES_ERROR;
				CLANG_WARN_DOCUMENTATION_COMMENTS = YES;
				CLANG_WARN_EMPTY_BODY = YES;
				CLANG_WARN_ENUM_CONVERSION = YES;
				CLANG_WARN_INFINITE_RECURSION = YES;
				CLANG_WARN_INT_CONVERSION = YES;
				CLANG_WARN_NON_LITERAL_NULL_CONVERSION = YES;
				CLANG_WARN_OBJC_IMPLICIT_RETAIN_SELF = YES;
				CLANG_WARN_OBJC_LITERAL_CONVERSION = YES;
				CLANG_WARN_OBJC_ROOT_CLASS = YES_ERROR;
				CLANG_WARN_QUOTED_INCLUDE_IN_FRAMEWORK_HEADER = YES;
				CLANG_WARN_RANGE_LOOP_ANALYSIS = YES;
				CLANG_WARN_STRICT_PROTOTYPES = YES;
				CLANG_WARN_SUSPICIOUS_MOVE = YES;
				CLANG_WARN_UNGUARDED_AVAILABILITY = YES_AGGRESSIVE;
				CLANG_WARN_UNREACHABLE_CODE = YES;
				CLANG_WARN__DUPLICATE_METHOD_MATCH = YES;
				COPY_PHASE_STRIP = NO;
				DEBUG_INFORMATION_FORMAT = dwarf;
				ENABLE_STRICT_OBJC_MSGSEND = YES;
				ENABLE_TESTABILITY = YES;
				ENABLE_USER_SCRIPT_SANDBOXING = YES;
				GCC_C_LANGUAGE_STANDARD = gnu17;
				GCC_DYNAMIC_NO_PIC = NO;
				GCC_NO_COMMON_BLOCKS = YES;
				GCC_OPTIMIZATION_LEVEL = 0;
				GCC_PREPROCESSOR_DEFINITIONS = (
					"DEBUG=1",
					"$(inherited)",
				);
				GCC_WARN_64_TO_32_BIT_CONVERSION = YES;
				GCC_WARN_ABOUT_RETURN_TYPE = YES_ERROR;
				GCC_WARN_UNDECLARED_SELECTOR = YES;
				GCC_WARN_UNINITIALIZED_AUTOS = YES_AGGRESSIVE;
				GCC_WARN_UNUSED_FUNCTION = YES;
				GCC_WARN_UNUSED_VARIABLE = YES;
				IPHONEOS_DEPLOYMENT_TARGET = 18.0;
				LOCALIZATION_PREFERS_STRING_CATALOGS = YES;
				MTL_ENABLE_DEBUG_INFO = INCLUDE_SOURCE;
				MTL_FAST_MATH = YES;
				ONLY_ACTIVE_ARCH = YES;
				SDKROOT = iphoneos;
				SWIFT_ACTIVE_COMPILATION_CONDITIONS = "DEBUG $(inherited)";
				SWIFT_OPTIMIZATION_LEVEL = "-Onone";
			};
			name = Debug;
		};
		1897324A2DE272B90032112E /* Release */ = {
			isa = XCBuildConfiguration;
			buildSettings = {
				ALWAYS_SEARCH_USER_PATHS = NO;
				ASSETCATALOG_COMPILER_GENERATE_SWIFT_ASSET_SYMBOL_EXTENSIONS = YES;
				CLANG_ANALYZER_NONNULL = YES;
				CLANG_ANALYZER_NUMBER_OBJECT_CONVERSION = YES_AGGRESSIVE;
				CLANG_CXX_LANGUAGE_STANDARD = "gnu++20";
				CLANG_ENABLE_MODULES = YES;
				CLANG_ENABLE_OBJC_ARC = YES;
				CLANG_ENABLE_OBJC_WEAK = YES;
				CLANG_WARN_BLOCK_CAPTURE_AUTORELEASING = YES;
				CLANG_WARN_BOOL_CONVERSION = YES;
				CLANG_WARN_COMMA = YES;
				CLANG_WARN_CONSTANT_CONVERSION = YES;
				CLANG_WARN_DEPRECATED_OBJC_IMPLEMENTATIONS = YES;
				CLANG_WARN_DIRECT_OBJC_ISA_USAGE = YES_ERROR;
				CLANG_WARN_DOCUMENTATION_COMMENTS = YES;
				CLANG_WARN_EMPTY_BODY = YES;
				CLANG_WARN_ENUM_CONVERSION = YES;
				CLANG_WARN_INFINITE_RECURSION = YES;
				CLANG_WARN_INT_CONVERSION = YES;
				CLANG_WARN_NON_LITERAL_NULL_CONVERSION = YES;
				CLANG_WARN_OBJC_IMPLICIT_RETAIN_SELF = YES;
				CLANG_WARN_OBJC_LITERAL_CONVERSION = YES;
				CLANG_WARN_OBJC_ROOT_CLASS = YES_ERROR;
				CLANG_WARN_QUOTED_INCLUDE_IN_FRAMEWORK_HEADER = YES;
				CLANG_WARN_RANGE_LOOP_ANALYSIS = YES;
				CLANG_WARN_STRICT_PROTOTYPES = YES;
				CLANG_WARN_SUSPICIOUS_MOVE = YES;
				CLANG_WARN_UNGUARDED_AVAILABILITY = YES_AGGRESSIVE;
				CLANG_WARN_UNREACHABLE_CODE = YES;
				CLANG_WARN__DUPLICATE_METHOD_MATCH = YES;
				COPY_PHASE_STRIP = NO;
				DEBUG_INFORMATION_FORMAT = "dwarf-with-dsym";
				ENABLE_NS_ASSERTIONS = NO;
				ENABLE_STRICT_OBJC_MSGSEND = YES;
				ENABLE_USER_SCRIPT_SANDBOXING = YES;
				GCC_C_LANGUAGE_STANDARD = gnu17;
				GCC_NO_COMMON_BLOCKS = YES;
				GCC_WARN_64_TO_32_BIT_CONVERSION = YES;
				GCC_WARN_ABOUT_RETURN_TYPE = YES_ERROR;
				GCC_WARN_UNDECLARED_SELECTOR = YES;
				GCC_WARN_UNINITIALIZED_AUTOS = YES_AGGRESSIVE;
				GCC_WARN_UNUSED_FUNCTION = YES;
				GCC_WARN_UNUSED_VARIABLE = YES;
				IPHONEOS_DEPLOYMENT_TARGET = 18.0;
				LOCALIZATION_PREFERS_STRING_CATALOGS = YES;
				MTL_ENABLE_DEBUG_INFO = NO;
				MTL_FAST_MATH = YES;
				SDKROOT = iphoneos;
				SWIFT_COMPILATION_MODE = wholemodule;
				VALIDATE_PRODUCT = YES;
			};
			name = Release;
		};
		1897324C2DE272B90032112E /* Debug */ = {
			isa = XCBuildConfiguration;
			buildSettings = {
				ASSETCATALOG_COMPILER_APPICON_NAME = AppIcon;
				ASSETCATALOG_COMPILER_GLOBAL_ACCENT_COLOR_NAME = AccentColor;
				CODE_SIGN_STYLE = Automatic;
				CURRENT_PROJECT_VERSION = 1;
				DEVELOPMENT_ASSET_PATHS = "\"Anno 1800 Companion/Preview Content\"";
				DEVELOPMENT_TEAM = JK68L48M8J;
				ENABLE_PREVIEWS = YES;
				GENERATE_INFOPLIST_FILE = YES;
				INFOPLIST_FILE = "Anno-1800-Companion-Info.plist";
				INFOPLIST_KEY_CFBundleDisplayName = "Anno 1800 Companion";
				INFOPLIST_KEY_UIApplicationSceneManifest_Generation = YES;
				INFOPLIST_KEY_UIApplicationSupportsIndirectInputEvents = YES;
				INFOPLIST_KEY_UILaunchScreen_Generation = YES;
				INFOPLIST_KEY_UISupportedInterfaceOrientations_iPad = "UIInterfaceOrientationPortrait UIInterfaceOrientationPortraitUpsideDown UIInterfaceOrientationLandscapeLeft UIInterfaceOrientationLandscapeRight";
				INFOPLIST_KEY_UISupportedInterfaceOrientations_iPhone = "UIInterfaceOrientationPortrait UIInterfaceOrientationLandscapeLeft UIInterfaceOrientationLandscapeRight";
				IPHONEOS_DEPLOYMENT_TARGET = 17.6;
				LD_RUNPATH_SEARCH_PATHS = (
					"$(inherited)",
					"@executable_path/Frameworks",
				);
				MARKETING_VERSION = 1.0;
				PRODUCT_BUNDLE_IDENTIFIER = "com.codeskulpt.Anno-1800-Companion";
				PRODUCT_NAME = "$(TARGET_NAME)";
				SWIFT_EMIT_LOC_STRINGS = YES;
				SWIFT_VERSION = 5.0;
				TARGETED_DEVICE_FAMILY = "1,2";
			};
			name = Debug;
		};
		1897324D2DE272B90032112E /* Release */ = {
			isa = XCBuildConfiguration;
			buildSettings = {
				ASSETCATALOG_COMPILER_APPICON_NAME = AppIcon;
				ASSETCATALOG_COMPILER_GLOBAL_ACCENT_COLOR_NAME = AccentColor;
				CODE_SIGN_STYLE = Automatic;
				CURRENT_PROJECT_VERSION = 1;
				DEVELOPMENT_ASSET_PATHS = "\"Anno 1800 Companion/Preview Content\"";
				DEVELOPMENT_TEAM = JK68L48M8J;
				ENABLE_PREVIEWS = YES;
				GENERATE_INFOPLIST_FILE = YES;
				INFOPLIST_FILE = "Anno-1800-Companion-Info.plist";
				INFOPLIST_KEY_CFBundleDisplayName = "Anno 1800 Companion";
				INFOPLIST_KEY_UIApplicationSceneManifest_Generation = YES;
				INFOPLIST_KEY_UIApplicationSupportsIndirectInputEvents = YES;
				INFOPLIST_KEY_UILaunchScreen_Generation = YES;
				INFOPLIST_KEY_UISupportedInterfaceOrientations_iPad = "UIInterfaceOrientationPortrait UIInterfaceOrientationPortraitUpsideDown UIInterfaceOrientationLandscapeLeft UIInterfaceOrientationLandscapeRight";
				INFOPLIST_KEY_UISupportedInterfaceOrientations_iPhone = "UIInterfaceOrientationPortrait UIInterfaceOrientationLandscapeLeft UIInterfaceOrientationLandscapeRight";
				IPHONEOS_DEPLOYMENT_TARGET = 17.6;
				LD_RUNPATH_SEARCH_PATHS = (
					"$(inherited)",
					"@executable_path/Frameworks",
				);
				MARKETING_VERSION = 1.0;
				PRODUCT_BUNDLE_IDENTIFIER = "com.codeskulpt.Anno-1800-Companion";
				PRODUCT_NAME = "$(TARGET_NAME)";
				SWIFT_EMIT_LOC_STRINGS = YES;
				SWIFT_VERSION = 5.0;
				TARGETED_DEVICE_FAMILY = "1,2";
			};
			name = Release;
		};
		1897324F2DE272B90032112E /* Debug */ = {
			isa = XCBuildConfiguration;
			buildSettings = {
				BUNDLE_LOADER = "$(TEST_HOST)";
				CODE_SIGN_STYLE = Automatic;
				CURRENT_PROJECT_VERSION = 1;
				DEVELOPMENT_TEAM = JK68L48M8J;
				GENERATE_INFOPLIST_FILE = YES;
				IPHONEOS_DEPLOYMENT_TARGET = 18.0;
				MARKETING_VERSION = 1.0;
				PRODUCT_BUNDLE_IDENTIFIER = "com.codeskulpt.Anno-1800-CompanionTests";
				PRODUCT_NAME = "$(TARGET_NAME)";
				SWIFT_EMIT_LOC_STRINGS = NO;
				SWIFT_VERSION = 5.0;
				TARGETED_DEVICE_FAMILY = "1,2";
				TEST_HOST = "$(BUILT_PRODUCTS_DIR)/Anno 1800 Companion.app/$(BUNDLE_EXECUTABLE_FOLDER_PATH)/Anno 1800 Companion";
			};
			name = Debug;
		};
		189732502DE272B90032112E /* Release */ = {
			isa = XCBuildConfiguration;
			buildSettings = {
				BUNDLE_LOADER = "$(TEST_HOST)";
				CODE_SIGN_STYLE = Automatic;
				CURRENT_PROJECT_VERSION = 1;
				DEVELOPMENT_TEAM = JK68L48M8J;
				GENERATE_INFOPLIST_FILE = YES;
				IPHONEOS_DEPLOYMENT_TARGET = 18.0;
				MARKETING_VERSION = 1.0;
				PRODUCT_BUNDLE_IDENTIFIER = "com.codeskulpt.Anno-1800-CompanionTests";
				PRODUCT_NAME = "$(TARGET_NAME)";
				SWIFT_EMIT_LOC_STRINGS = NO;
				SWIFT_VERSION = 5.0;
				TARGETED_DEVICE_FAMILY = "1,2";
				TEST_HOST = "$(BUILT_PRODUCTS_DIR)/Anno 1800 Companion.app/$(BUNDLE_EXECUTABLE_FOLDER_PATH)/Anno 1800 Companion";
			};
			name = Release;
		};
		189732522DE272B90032112E /* Debug */ = {
			isa = XCBuildConfiguration;
			buildSettings = {
				CODE_SIGN_STYLE = Automatic;
				CURRENT_PROJECT_VERSION = 1;
				DEVELOPMENT_TEAM = JK68L48M8J;
				GENERATE_INFOPLIST_FILE = YES;
				MARKETING_VERSION = 1.0;
				PRODUCT_BUNDLE_IDENTIFIER = "com.codeskulpt.Anno-1800-CompanionUITests";
				PRODUCT_NAME = "$(TARGET_NAME)";
				SWIFT_EMIT_LOC_STRINGS = NO;
				SWIFT_VERSION = 5.0;
				TARGETED_DEVICE_FAMILY = "1,2";
				TEST_TARGET_NAME = "Anno 1800 Companion";
			};
			name = Debug;
		};
		189732532DE272B90032112E /* Release */ = {
			isa = XCBuildConfiguration;
			buildSettings = {
				CODE_SIGN_STYLE = Automatic;
				CURRENT_PROJECT_VERSION = 1;
				DEVELOPMENT_TEAM = JK68L48M8J;
				GENERATE_INFOPLIST_FILE = YES;
				MARKETING_VERSION = 1.0;
				PRODUCT_BUNDLE_IDENTIFIER = "com.codeskulpt.Anno-1800-CompanionUITests";
				PRODUCT_NAME = "$(TARGET_NAME)";
				SWIFT_EMIT_LOC_STRINGS = NO;
				SWIFT_VERSION = 5.0;
				TARGETED_DEVICE_FAMILY = "1,2";
				TEST_TARGET_NAME = "Anno 1800 Companion";
			};
			name = Release;
		};
/* End XCBuildConfiguration section */

/* Begin XCConfigurationList section */
		189732222DE272B70032112E /* Build configuration list for PBXProject "Anno 1800 Companion" */ = {
			isa = XCConfigurationList;
			buildConfigurations = (
				189732492DE272B90032112E /* Debug */,
				1897324A2DE272B90032112E /* Release */,
			);
			defaultConfigurationIsVisible = 0;
			defaultConfigurationName = Release;
		};
		1897324B2DE272B90032112E /* Build configuration list for PBXNativeTarget "Anno 1800 Companion" */ = {
			isa = XCConfigurationList;
			buildConfigurations = (
				1897324C2DE272B90032112E /* Debug */,
				1897324D2DE272B90032112E /* Release */,
			);
			defaultConfigurationIsVisible = 0;
			defaultConfigurationName = Release;
		};
		1897324E2DE272B90032112E /* Build configuration list for PBXNativeTarget "Anno 1800 CompanionTests" */ = {
			isa = XCConfigurationList;
			buildConfigurations = (
				1897324F2DE272B90032112E /* Debug */,
				189732502DE272B90032112E /* Release */,
			);
			defaultConfigurationIsVisible = 0;
			defaultConfigurationName = Release;
		};
		189732512DE272B90032112E /* Build configuration list for PBXNativeTarget "Anno 1800 CompanionUITests" */ = {
			isa = XCConfigurationList;
			buildConfigurations = (
				189732522DE272B90032112E /* Debug */,
				189732532DE272B90032112E /* Release */,
			);
			defaultConfigurationIsVisible = 0;
			defaultConfigurationName = Release;
		};
/* End XCConfigurationList section */
	};
	rootObject = 1897321F2DE272B70032112E /* Project object */;
}
