// !$*UTF8*$!
{
	archiveVersion = 1;
	classes = {
	};
	objectVersion = 77;
	objects = {

/* Begin PBXContainerItemProxy section */
		189732382DE272B90032112E /* PBXContainerItemProxy */ = {
			isa = PBXContainerItemProxy;
			containerPortal = 1897321F2DE272B70032112E /* Project object */;
			proxyType = 1;
			remoteGlobalIDString = 189732262DE272B70032112E;
			remoteInfo = "Anno 1800 Companion";
		};
		189732422DE272B90032112E /* PBXContainerItemProxy */ = {
			isa = PBXContainerItemProxy;
			containerPortal = 1897321F2DE272B70032112E /* Project object */;
			proxyType = 1;
			remoteGlobalIDString = 189732262DE272B70032112E;
			remoteInfo = "Anno 1800 Companion";
		};
/* End PBXContainerItemProxy section */

/* Begin PBXFileReference section */
		189732272DE272B70032112E /* Anno 1800 Companion.app */ = {isa = PBXFileReference; explicitFileType = wrapper.application; includeInIndex = 0; path = "Anno 1800 Companion.app"; sourceTree = BUILT_PRODUCTS_DIR; };
		189732372DE272B90032112E /* Anno 1800 CompanionTests.xctest */ = {isa = PBXFileReference; explicitFileType = wrapper.cfbundle; includeInIndex = 0; path = "Anno 1800 CompanionTests.xctest"; sourceTree = BUILT_PRODUCTS_DIR; };
		189732412DE272B90032112E /* Anno 1800 CompanionUITests.xctest */ = {isa = PBXFileReference; explicitFileType = wrapper.cfbundle; includeInIndex = 0; path = "Anno 1800 CompanionUITests.xctest"; sourceTree = BUILT_PRODUCTS_DIR; };
/* End PBXFileReference section */

/* Begin PBXFileSystemSynchronizedRootGroup section */
		189732292DE272B70032112E /* Anno 1800 Companion */ = {
			isa = PBXFileSystemSynchronizedRootGroup;
			path = "Anno 1800 Companion";
			sourceTree = "<group>";
		};
		1897323A2DE272B90032112E /* Anno 1800 CompanionTests */ = {
			isa = PBXFileSystemSynchronizedRootGroup;
			path = "Anno 1800 CompanionTests";
			sourceTree = "<group>";
		};
		189732442DE272B90032112E /* Anno 1800 CompanionUITests */ = {
			isa = PBXFileSystemSynchronizedRootGroup;
			path = "Anno 1800 CompanionUITests";
			sourceTree = "<group>";
		};
/* End PBXFileSystemSynchronizedRootGroup section */

/* Begin PBXFrameworksBuildPhase section */
		189732242DE272B70032112E /* Frameworks */ = {
			isa = PBXFrameworksBuildPhase;
			buildActionMask = 2147483647;
			files = (
			);
			runOnlyForDeploymentPostprocessing = 0;
		};
		189732342DE272B90032112E /* Frameworks */ = {
			isa = PBXFrameworksBuildPhase;
			buildActionMask = 2147483647;
			files = (
			);
			runOnlyForDeploymentPostprocessing = 0;
		};
		1897323E2DE272B90032112E /* Frameworks */ = {
			isa = PBXFrameworksBuildPhase;
			buildActionMask = 2147483647;
			files = (
			);
			runOnlyForDeploymentPostprocessing = 0;
		};
/* End PBXFrameworksBuildPhase section */

/* Begin PBXGroup section */
		1897321E2DE272B70032112E = {
			isa = PBXGroup;
			children = (
				189732292DE272B70032112E /* Anno 1800 Companion */,
				1897323A2DE272B90032112E /* Anno 1800 CompanionTests */,
				189732442DE272B90032112E /* Anno 1800 CompanionUITests */,
				189732282DE272B70032112E /* Products */,
			);
			sourceTree = "<group>";
		};
		189732282DE272B70032112E /* Products */ = {
			isa = PBXGroup;
			children = (
				189732272DE272B70032112E /* Anno 1800 Companion.app */,
				189732372DE272B90032112E /* Anno 1800 CompanionTests.xctest */,
				189732412DE272B90032112E /* Anno 1800 CompanionUITests.xctest */,
			);
			name = Products;
			sourceTree = "<group>";
		};
/* End PBXGroup section */

/* Begin PBXNativeTarget section */
		189732262DE272B70032112E /* Anno 1800 Companion */ = {
			isa = PBXNativeTarget;
			buildConfigurationList = 1897324B2DE272B90032112E /* Build configuration list for PBXNativeTarget "Anno 1800 Companion" */;
			buildPhases = (
				189732232DE272B70032112E /* Sources */,
				189732242DE272B70032112E /* Frameworks */,
				189732252DE272B70032112E /* Resources */,
			);
			buildRules = (
			);
			dependencies = (
			);
			fileSystemSynchronizedGroups = (
				189732292DE272B70032112E /* Anno 1800 Companion */,
			);
			name = "Anno 1800 Companion";
			packageProductDependencies = (
			);
			productName = "Anno 1800 Companion";
			productReference = 189732272DE272B70032112E /* Anno 1800 Companion.app */;
			productType = "com.apple.product-type.application";
		};
		189732362DE272B90032112E /* Anno 1800 CompanionTests */ = {
			isa = PBXNativeTarget;
			buildConfigurationList = 1897324E2DE272B90032112E /* Build configuration list for PBXNativeTarget "Anno 1800 CompanionTests" */;
			buildPhases = (
				189732332DE272B90032112E /* Sources */,
				189732342DE272B90032112E /* Frameworks */,
				189732352DE272B90032112E /* Resources */,
			);
			buildRules = (
			);
			dependencies = (
				189732392DE272B90032112E /* PBXTargetDependency */,
			);
			fileSystemSynchronizedGroups = (
				1897323A2DE272B90032112E /* Anno 1800 CompanionTests */,
			);
			name = "Anno 1800 CompanionTests";
			packageProductDependencies = (
			);
			productName = "Anno 1800 CompanionTests";
			productReference = 189732372DE272B90032112E /* Anno 1800 CompanionTests.xctest */;
			productType = "com.apple.product-type.bundle.unit-test";
		};
		189732402DE272B90032112E /* Anno 1800 CompanionUITests */ = {
			isa = PBXNativeTarget;
			buildConfigurationList = 189732512DE272B90032112E /* Build configuration list for PBXNativeTarget "Anno 1800 CompanionUITests" */;
			buildPhases = (
				1897323D2DE272B90032112E /* Sources */,
				1897323E2DE272B90032112E /* Frameworks */,
				1897323F2DE272B90032112E /* Resources */,
			);
			buildRules = (
			);
			dependencies = (
				189732432DE272B90032112E /* PBXTargetDependency */,
			);
			fileSystemSynchronizedGroups = (
				189732442DE272B90032112E /* Anno 1800 CompanionUITests */,
			);
			name = "Anno 1800 CompanionUITests";
			packageProductDependencies = (
			);
			productName = "Anno 1800 CompanionUITests";
			productReference = 189732412DE272B90032112E /* Anno 1800 CompanionUITests.xctest */;
			productType = "com.apple.product-type.bundle.ui-testing";
		};
/* End PBXNativeTarget section */

/* Begin PBXProject section */
		1897321F2DE272B70032112E /* Project object */ = {
			isa = PBXProject;
			attributes = {
				BuildIndependentTargetsInParallel = 1;
				LastSwiftUpdateCheck = 1600;
				LastUpgradeCheck = 1600;
				TargetAttributes = {
					189732262DE272B70032112E = {
						CreatedOnToolsVersion = 16.0;
					};
					189732362DE272B90032112E = {
						CreatedOnToolsVersion = 16.0;
						TestTargetID = 189732262DE272B70032112E;
					};
					189732402DE272B90032112E = {
						CreatedOnToolsVersion = 16.0;
						TestTargetID = 189732262DE272B70032112E;
					};
				};
			};
			buildConfigurationList = 189732222DE272B70032112E /* Build configuration list for PBXProject "Anno 1800 Companion" */;
			developmentRegion = en;
			hasScannedForEncodings = 0;
			knownRegions = (
				en,
				Base,
			);
			mainGroup = 1897321E2DE272B70032112E;
			minimizedProjectReferenceProxies = 1;
			preferredProjectObjectVersion = 77;
			productRefGroup = 189732282DE272B70032112E /* Products */;
			projectDirPath = "";
			projectRoot = "";
			targets = (
				189732262DE272B70032112E /* Anno 1800 Companion */,
				189732362DE272B90032112E /* Anno 1800 CompanionTests */,
				189732402DE272B90032112E /* Anno 1800 CompanionUITests */,
			);
		};
/* End PBXProject section */

/* Begin PBXResourcesBuildPhase section */
		189732252DE272B70032112E /* Resources */ = {
			isa = PBXResourcesBuildPhase;
			buildActionMask = 2147483647;
			files = (
			);
			runOnlyForDeploymentPostprocessing = 0;
		};
		189732352DE272B90032112E /* Resources */ = {
			isa = PBXResourcesBuildPhase;
			buildActionMask = 2147483647;
			files = (
			);
			runOnlyForDeploymentPostprocessing = 0;
		};
		1897323F2DE272B90032112E /* Resources */ = {
			isa = PBXResourcesBuildPhase;
			buildActionMask = 2147483647;
			files = (
			);
			runOnlyForDeploymentPostprocessing = 0;
		};
/* End PBXResourcesBuildPhase section */

/* Begin PBXSourcesBuildPhase section */
		189732232DE272B70032112E /* Sources */ = {
			isa = PBXSourcesBuildPhase;
			buildActionMask = 2147483647;
			files = (
			);
			runOnlyForDeploymentPostprocessing = 0;
		};
		189732332DE272B90032112E /* Sources */ = {
			isa = PBXSourcesBuildPhase;
			buildActionMask = 2147483647;
			files = (
			);
			runOnlyForDeploymentPostprocessing = 0;
		};
		1897323D2DE272B90032112E /* Sources */ = {
			isa = PBXSourcesBuildPhase;
			buildActionMask = 2147483647;
			files = (
			);
			runOnlyForDeploymentPostprocessing = 0;
		};
/* End PBXSourcesBuildPhase section */

/* Begin PBXTargetDependency section */
		189732392DE272B90032112E /* PBXTargetDependency */ = {
			isa = PBXTargetDependency;
			target = 189732262DE272B70032112E /* Anno 1800 Companion */;
			targetProxy = 189732382DE272B90032112E /* PBXContainerItemProxy */;
		};
		189732432DE272B90032112E /* PBXTargetDependency */ = {
			isa = PBXTargetDependency;
			target = 189732262DE272B70032112E /* Anno 1800 Companion */;
			targetProxy = 189732422DE272B90032112E /* PBXContainerItemProxy */;
		};
/* End PBXTargetDependency section */

/* Begin XCBuildConfiguration section */
		189732492DE272B90032112E /* Debug */ = {
			isa = XCBuildConfiguration;
			buildSettings = {
				ALWAYS_SEARCH_USER_PATHS = NO;
				ASSETCATALOG_COMPILER_GENERATE_SWIFT_ASSET_SYMBOL_EXTENSIONS = YES;
				CLANG_ANALYZER_NONNULL = YES;
				CLANG_ANALYZER_NUMBER_OBJECT_CONVERSION = YES_AGGRESSIVE;
				CLANG_CXX_LANGUAGE_STANDARD = "gnu++20";
				CLANG_ENABLE_MODULES = YES;
				CLANG_ENABLE_OBJC_ARC = YES;
				CLANG_ENABLE_OBJC_WEAK = YES;
				CLANG_WARN_BLOCK_CAPTURE_AUTORELEASING = YES;
				CLANG_WARN_BOOL_CONVERSION = YES;
				CLANG_WARN_COMMA = YES;
				CLANG_WARN_CONSTANT_CONVERSION = YES;
				CLANG_WARN_DEPRECATED_OBJC_IMPLEMENTATIONS = YES;
				CLANG_WARN_DIRECT_OBJC_ISA_USAGE = YES_ERROR;
				CLANG_WARN_DOCUMENTATION_COMMENTS = YES;
				CLANG_WARN_EMPTY_BODY = YES;
				CLANG_WARN_ENUM_CONVERSION = YES;
				CLANG_WARN_INFINITE_RECURSION = YES;
				CLANG_WARN_INT_CONVERSION = YES;
				CLANG_WARN_NON_LITERAL_NULL_CONVERSION = YES;
				CLANG_WARN_OBJC_IMPLICIT_RETAIN_SELF = YES;
				CLANG_WARN_OBJC_LITERAL_CONVERSION = YES;
				CLANG_WARN_OBJC_ROOT_CLASS = YES_ERROR;
				CLANG_WARN_QUOTED_INCLUDE_IN_FRAMEWORK_HEADER = YES;
				CLANG_WARN_RANGE_LOOP_ANALYSIS = YES;
				CLANG_WARN_STRICT_PROTOTYPES = YES;
				CLANG_WARN_SUSPICIOUS_MOVE = YES;
				CLANG_WARN_UNGUARDED_AVAILABILITY = YES_AGGRESSIVE;
				CLANG_WARN_UNREACHABLE_CODE = YES;
				CLANG_WARN__DUPLICATE_METHOD_MATCH = YES;
				COPY_PHASE_STRIP = NO;
				DEBUG_INFORMATION_FORMAT = dwarf;
				ENABLE_STRICT_OBJC_MSGSEND = YES;
				ENABLE_TESTABILITY = YES;
				ENABLE_USER_SCRIPT_SANDBOXING = YES;
				GCC_C_LANGUAGE_STANDARD = gnu17;
				GCC_DYNAMIC_NO_PIC = NO;
				GCC_NO_COMMON_BLOCKS = YES;
				GCC_OPTIMIZATION_LEVEL = 0;
				GCC_PREPROCESSOR_DEFINITIONS = (
					"DEBUG=1",
					"$(inherited)",
				);
				GCC_WARN_64_TO_32_BIT_CONVERSION = YES;
				GCC_WARN_ABOUT_RETURN_TYPE = YES_ERROR;
				GCC_WARN_UNDECLARED_SELECTOR = YES;
				GCC_WARN_UNINITIALIZED_AUTOS = YES_AGGRESSIVE;
				GCC_WARN_UNUSED_FUNCTION = YES;
				GCC_WARN_UNUSED_VARIABLE = YES;
				IPHONEOS_DEPLOYMENT_TARGET = 18.0;
				LOCALIZATION_PREFERS_STRING_CATALOGS = YES;
				MTL_ENABLE_DEBUG_INFO = INCLUDE_SOURCE;
				MTL_FAST_MATH = YES;
				ONLY_ACTIVE_ARCH = YES;
				SDKROOT = iphoneos;
				SWIFT_ACTIVE_COMPILATION_CONDITIONS = "DEBUG $(inherited)";
				SWIFT_OPTIMIZATION_LEVEL = "-Onone";
			};
			name = Debug;
		};
		1897324A2DE272B90032112E /* Release */ = {
			isa = XCBuildConfiguration;
			buildSettings = {
				ALWAYS_SEARCH_USER_PATHS = NO;
				ASSETCATALOG_COMPILER_GENERATE_SWIFT_ASSET_SYMBOL_EXTENSIONS = YES;
				CLANG_ANALYZER_NONNULL = YES;
				CLANG_ANALYZER_NUMBER_OBJECT_CONVERSION = YES_AGGRESSIVE;
				CLANG_CXX_LANGUAGE_STANDARD = "gnu++20";
				CLANG_ENABLE_MODULES = YES;
				CLANG_ENABLE_OBJC_ARC = YES;
				CLANG_ENABLE_OBJC_WEAK = YES;
				CLANG_WARN_BLOCK_CAPTURE_AUTORELEASING = YES;
				CLANG_WARN_BOOL_CONVERSION = YES;
				CLANG_WARN_COMMA = YES;
				CLANG_WARN_CONSTANT_CONVERSION = YES;
				CLANG_WARN_DEPRECATED_OBJC_IMPLEMENTATIONS = YES;
				CLANG_WARN_DIRECT_OBJC_ISA_USAGE = YES_ERROR;
				CLANG_WARN_DOCUMENTATION_COMMENTS = YES;
				CLANG_WARN_EMPTY_BODY = YES;
				CLANG_WARN_ENUM_CONVERSION = YES;
				CLANG_WARN_INFINITE_RECURSION = YES;
				CLANG_WARN_INT_CONVERSION = YES;
				CLANG_WARN_NON_LITERAL_NULL_CONVERSION = YES;
				CLANG_WARN_OBJC_IMPLICIT_RETAIN_SELF = YES;
				CLANG_WARN_OBJC_LITERAL_CONVERSION = YES;
				CLANG_WARN_OBJC_ROOT_CLASS = YES_ERROR;
				CLANG_WARN_QUOTED_INCLUDE_IN_FRAMEWORK_HEADER = YES;
				CLANG_WARN_RANGE_LOOP_ANALYSIS = YES;
				CLANG_WARN_STRICT_PROTOTYPES = YES;
				CLANG_WARN_SUSPICIOUS_MOVE = YES;
				CLANG_WARN_UNGUARDED_AVAILABILITY = YES_AGGRESSIVE;
				CLANG_WARN_UNREACHABLE_CODE = YES;
				CLANG_WARN__DUPLICATE_METHOD_MATCH = YES;
				COPY_PHASE_STRIP = NO;
				DEBUG_INFORMATION_FORMAT = "dwarf-with-dsym";
				ENABLE_NS_ASSERTIONS = NO;
				ENABLE_STRICT_OBJC_MSGSEND = YES;
				ENABLE_USER_SCRIPT_SANDBOXING = YES;
				GCC_C_LANGUAGE_STANDARD = gnu17;
				GCC_NO_COMMON_BLOCKS = YES;
				GCC_WARN_64_TO_32_BIT_CONVERSION = YES;
				GCC_WARN_ABOUT_RETURN_TYPE = YES_ERROR;
				GCC_WARN_UNDECLARED_SELECTOR = YES;
				GCC_WARN_UNINITIALIZED_AUTOS = YES_AGGRESSIVE;
				GCC_WARN_UNUSED_FUNCTION = YES;
				GCC_WARN_UNUSED_VARIABLE = YES;
				IPHONEOS_DEPLOYMENT_TARGET = 18.0;
				LOCALIZATION_PREFERS_STRING_CATALOGS = YES;
				MTL_ENABLE_DEBUG_INFO = NO;
				MTL_FAST_MATH = YES;
				SDKROOT = iphoneos;
				SWIFT_COMPILATION_MODE = wholemodule;
				VALIDATE_PRODUCT = YES;
			};
			name = Release;
		};
		1897324C2DE272B90032112E /* Debug */ = {
			isa = XCBuildConfiguration;
			buildSettings = {
				ASSETCATALOG_COMPILER_APPICON_NAME = AppIcon;
				ASSETCATALOG_COMPILER_GLOBAL_ACCENT_COLOR_NAME = AccentColor;
				CODE_SIGN_STYLE = Automatic;
				CURRENT_PROJECT_VERSION = 1;
				DEVELOPMENT_ASSET_PATHS = "\"Anno 1800 Companion/Preview Content\"";
				DEVELOPMENT_TEAM = JK68L48M8J;
				ENABLE_PREVIEWS = YES;
				GENERATE_INFOPLIST_FILE = YES;
				INFOPLIST_KEY_UIApplicationSceneManifest_Generation = YES;
				INFOPLIST_KEY_UIApplicationSupportsIndirectInputEvents = YES;
				INFOPLIST_KEY_UILaunchScreen_Generation = YES;
				INFOPLIST_KEY_UISupportedInterfaceOrientations_iPad = "UIInterfaceOrientationPortrait UIInterfaceOrientationPortraitUpsideDown UIInterfaceOrientationLandscapeLeft UIInterfaceOrientationLandscapeRight";
				INFOPLIST_KEY_UISupportedInterfaceOrientations_iPhone = "UIInterfaceOrientationPortrait UIInterfaceOrientationLandscapeLeft UIInterfaceOrientationLandscapeRight";
				LD_RUNPATH_SEARCH_PATHS = (
					"$(inherited)",
					"@executable_path/Frameworks",
				);
				MARKETING_VERSION = 1.0;
				PRODUCT_BUNDLE_IDENTIFIER = "com.codeskulpt.Anno-1800-Companion";
				PRODUCT_NAME = "$(TARGET_NAME)";
				SWIFT_EMIT_LOC_STRINGS = YES;
				SWIFT_VERSION = 5.0;
				TARGETED_DEVICE_FAMILY = "1,2";
			};
			name = Debug;
		};
		1897324D2DE272B90032112E /* Release */ = {
			isa = XCBuildConfiguration;
			buildSettings = {
				ASSETCATALOG_COMPILER_APPICON_NAME = AppIcon;
				ASSETCATALOG_COMPILER_GLOBAL_ACCENT_COLOR_NAME = AccentColor;
				CODE_SIGN_STYLE = Automatic;
				CURRENT_PROJECT_VERSION = 1;
				DEVELOPMENT_ASSET_PATHS = "\"Anno 1800 Companion/Preview Content\"";
				DEVELOPMENT_TEAM = JK68L48M8J;
				ENABLE_PREVIEWS = YES;
				GENERATE_INFOPLIST_FILE = YES;
				INFOPLIST_KEY_UIApplicationSceneManifest_Generation = YES;
				INFOPLIST_KEY_UIApplicationSupportsIndirectInputEvents = YES;
				INFOPLIST_KEY_UILaunchScreen_Generation = YES;
				INFOPLIST_KEY_UISupportedInterfaceOrientations_iPad = "UIInterfaceOrientationPortrait UIInterfaceOrientationPortraitUpsideDown UIInterfaceOrientationLandscapeLeft UIInterfaceOrientationLandscapeRight";
				INFOPLIST_KEY_UISupportedInterfaceOrientations_iPhone = "UIInterfaceOrientationPortrait UIInterfaceOrientationLandscapeLeft UIInterfaceOrientationLandscapeRight";
				LD_RUNPATH_SEARCH_PATHS = (
					"$(inherited)",
					"@executable_path/Frameworks",
				);
				MARKETING_VERSION = 1.0;
				PRODUCT_BUNDLE_IDENTIFIER = "com.codeskulpt.Anno-1800-Companion";
				PRODUCT_NAME = "$(TARGET_NAME)";
				SWIFT_EMIT_LOC_STRINGS = YES;
				SWIFT_VERSION = 5.0;
				TARGETED_DEVICE_FAMILY = "1,2";
			};
			name = Release;
		};
		1897324F2DE272B90032112E /* Debug */ = {
			isa = XCBuildConfiguration;
			buildSettings = {
				BUNDLE_LOADER = "$(TEST_HOST)";
				CODE_SIGN_STYLE = Automatic;
				CURRENT_PROJECT_VERSION = 1;
				DEVELOPMENT_TEAM = JK68L48M8J;
				GENERATE_INFOPLIST_FILE = YES;
				IPHONEOS_DEPLOYMENT_TARGET = 18.0;
				MARKETING_VERSION = 1.0;
				PRODUCT_BUNDLE_IDENTIFIER = "com.codeskulpt.Anno-1800-CompanionTests";
				PRODUCT_NAME = "$(TARGET_NAME)";
				SWIFT_EMIT_LOC_STRINGS = NO;
				SWIFT_VERSION = 5.0;
				TARGETED_DEVICE_FAMILY = "1,2";
				TEST_HOST = "$(BUILT_PRODUCTS_DIR)/Anno 1800 Companion.app/$(BUNDLE_EXECUTABLE_FOLDER_PATH)/Anno 1800 Companion";
			};
			name = Debug;
		};
		189732502DE272B90032112E /* Release */ = {
			isa = XCBuildConfiguration;
			buildSettings = {
				BUNDLE_LOADER = "$(TEST_HOST)";
				CODE_SIGN_STYLE = Automatic;
				CURRENT_PROJECT_VERSION = 1;
				DEVELOPMENT_TEAM = JK68L48M8J;
				GENERATE_INFOPLIST_FILE = YES;
				IPHONEOS_DEPLOYMENT_TARGET = 18.0;
				MARKETING_VERSION = 1.0;
				PRODUCT_BUNDLE_IDENTIFIER = "com.codeskulpt.Anno-1800-CompanionTests";
				PRODUCT_NAME = "$(TARGET_NAME)";
				SWIFT_EMIT_LOC_STRINGS = NO;
				SWIFT_VERSION = 5.0;
				TARGETED_DEVICE_FAMILY = "1,2";
				TEST_HOST = "$(BUILT_PRODUCTS_DIR)/Anno 1800 Companion.app/$(BUNDLE_EXECUTABLE_FOLDER_PATH)/Anno 1800 Companion";
			};
			name = Release;
		};
		189732522DE272B90032112E /* Debug */ = {
			isa = XCBuildConfiguration;
			buildSettings = {
				CODE_SIGN_STYLE = Automatic;
				CURRENT_PROJECT_VERSION = 1;
				DEVELOPMENT_TEAM = JK68L48M8J;
				GENERATE_INFOPLIST_FILE = YES;
				MARKETING_VERSION = 1.0;
				PRODUCT_BUNDLE_IDENTIFIER = "com.codeskulpt.Anno-1800-CompanionUITests";
				PRODUCT_NAME = "$(TARGET_NAME)";
				SWIFT_EMIT_LOC_STRINGS = NO;
				SWIFT_VERSION = 5.0;
				TARGETED_DEVICE_FAMILY = "1,2";
				TEST_TARGET_NAME = "Anno 1800 Companion";
			};
			name = Debug;
		};
		189732532DE272B90032112E /* Release */ = {
			isa = XCBuildConfiguration;
			buildSettings = {
				CODE_SIGN_STYLE = Automatic;
				CURRENT_PROJECT_VERSION = 1;
				DEVELOPMENT_TEAM = JK68L48M8J;
				GENERATE_INFOPLIST_FILE = YES;
				MARKETING_VERSION = 1.0;
				PRODUCT_BUNDLE_IDENTIFIER = "com.codeskulpt.Anno-1800-CompanionUITests";
				PRODUCT_NAME = "$(TARGET_NAME)";
				SWIFT_EMIT_LOC_STRINGS = NO;
				SWIFT_VERSION = 5.0;
				TARGETED_DEVICE_FAMILY = "1,2";
				TEST_TARGET_NAME = "Anno 1800 Companion";
			};
			name = Release;
		};
/* End XCBuildConfiguration section */

/* Begin XCConfigurationList section */
		189732222DE272B70032112E /* Build configuration list for PBXProject "Anno 1800 Companion" */ = {
			isa = XCConfigurationList;
			buildConfigurations = (
				189732492DE272B90032112E /* Debug */,
				1897324A2DE272B90032112E /* Release */,
			);
			defaultConfigurationIsVisible = 0;
			defaultConfigurationName = Release;
		};
		1897324B2DE272B90032112E /* Build configuration list for PBXNativeTarget "Anno 1800 Companion" */ = {
			isa = XCConfigurationList;
			buildConfigurations = (
				1897324C2DE272B90032112E /* Debug */,
				1897324D2DE272B90032112E /* Release */,
			);
			defaultConfigurationIsVisible = 0;
			defaultConfigurationName = Release;
		};
		1897324E2DE272B90032112E /* Build configuration list for PBXNativeTarget "Anno 1800 CompanionTests" */ = {
			isa = XCConfigurationList;
			buildConfigurations = (
				1897324F2DE272B90032112E /* Debug */,
				189732502DE272B90032112E /* Release */,
			);
			defaultConfigurationIsVisible = 0;
			defaultConfigurationName = Release;
		};
		189732512DE272B90032112E /* Build configuration list for PBXNativeTarget "Anno 1800 CompanionUITests" */ = {
			isa = XCConfigurationList;
			buildConfigurations = (
				189732522DE272B90032112E /* Debug */,
				189732532DE272B90032112E /* Release */,
			);
			defaultConfigurationIsVisible = 0;
			defaultConfigurationName = Release;
		};
/* End XCConfigurationList section */
	};
	rootObject = 1897321F2DE272B70032112E /* Project object */;
}
